// !$*UTF8*$!
{
	archiveVersion = 1;
	classes = {
	};
	objectVersion = 46;
	objects = {

/* Begin PBXBuildFile section */
		F32A71B31AA609DA00EA358F /* AppDelegate.swift in Sources */ = {isa = PBXBuildFile; fileRef = F32A71B21AA609DA00EA358F /* AppDelegate.swift */; };
		F32A71B51AA609DA00EA358F /* ViewController.swift in Sources */ = {isa = PBXBuildFile; fileRef = F32A71B41AA609DA00EA358F /* ViewController.swift */; };
		F32A71B81AA609DA00EA358F /* Main.storyboard in Resources */ = {isa = PBXBuildFile; fileRef = F32A71B61AA609DA00EA358F /* Main.storyboard */; };
		F32A71BA1AA609DB00EA358F /* Images.xcassets in Resources */ = {isa = PBXBuildFile; fileRef = F32A71B91AA609DB00EA358F /* Images.xcassets */; };
		F32A71BD1AA609DB00EA358F /* LaunchScreen.xib in Resources */ = {isa = PBXBuildFile; fileRef = F32A71BB1AA609DB00EA358F /* LaunchScreen.xib */; };
		F32A71C91AA609DB00EA358F /* KelasABCTests.swift in Sources */ = {isa = PBXBuildFile; fileRef = F32A71C81AA609DB00EA358F /* KelasABCTests.swift */; };
		F32A71D31AA60A4800EA358F /* kelasabc.swift in Sources */ = {isa = PBXBuildFile; fileRef = F32A71D21AA60A4800EA358F /* kelasabc.swift */; };
		F32A71D81AA60E2F00EA358F /* HighlightedBlueButton.png in Resources */ = {isa = PBXBuildFile; fileRef = F32A71D41AA60E2F00EA358F /* HighlightedBlueButton.png */; };
		F32A71D91AA60E2F00EA358F /* HighlightedBlueButton@2x.png in Resources */ = {isa = PBXBuildFile; fileRef = F32A71D51AA60E2F00EA358F /* HighlightedBlueButton@2x.png */; };
		F32A71DA1AA60E2F00EA358F /* NormalBlueButton.png in Resources */ = {isa = PBXBuildFile; fileRef = F32A71D61AA60E2F00EA358F /* NormalBlueButton.png */; };
		F32A71DB1AA60E2F00EA358F /* NormalBlueButton@2x.png in Resources */ = {isa = PBXBuildFile; fileRef = F32A71D71AA60E2F00EA358F /* NormalBlueButton@2x.png */; };
		F32A71DD1AA6319D00EA358F /* Counter.swift in Sources */ = {isa = PBXBuildFile; fileRef = F32A71DC1AA6319C00EA358F /* Counter.swift */; };
/* End PBXBuildFile section */

/* Begin PBXContainerItemProxy section */
		F32A71C31AA609DB00EA358F /* PBXContainerItemProxy */ = {
			isa = PBXContainerItemProxy;
			containerPortal = F32A71A51AA609DA00EA358F /* Project object */;
			proxyType = 1;
			remoteGlobalIDString = F32A71AC1AA609DA00EA358F;
			remoteInfo = KelasABC;
		};
/* End PBXContainerItemProxy section */

/* Begin PBXFileReference section */
		F32A71AD1AA609DA00EA358F /* KelasABC.app */ = {isa = PBXFileReference; explicitFileType = wrapper.application; includeInIndex = 0; path = KelasABC.app; sourceTree = BUILT_PRODUCTS_DIR; };
		F32A71B11AA609DA00EA358F /* Info.plist */ = {isa = PBXFileReference; lastKnownFileType = text.plist.xml; path = Info.plist; sourceTree = "<group>"; };
		F32A71B21AA609DA00EA358F /* AppDelegate.swift */ = {isa = PBXFileReference; lastKnownFileType = sourcecode.swift; path = AppDelegate.swift; sourceTree = "<group>"; };
		F32A71B41AA609DA00EA358F /* ViewController.swift */ = {isa = PBXFileReference; lastKnownFileType = sourcecode.swift; path = ViewController.swift; sourceTree = "<group>"; };
		F32A71B71AA609DA00EA358F /* Base */ = {isa = PBXFileReference; lastKnownFileType = file.storyboard; name = Base; path = Base.lproj/Main.storyboard; sourceTree = "<group>"; };
		F32A71B91AA609DB00EA358F /* Images.xcassets */ = {isa = PBXFileReference; lastKnownFileType = folder.assetcatalog; path = Images.xcassets; sourceTree = "<group>"; };
		F32A71BC1AA609DB00EA358F /* Base */ = {isa = PBXFileReference; lastKnownFileType = file.xib; name = Base; path = Base.lproj/LaunchScreen.xib; sourceTree = "<group>"; };
		F32A71C21AA609DB00EA358F /* KelasABCTests.xctest */ = {isa = PBXFileReference; explicitFileType = wrapper.cfbundle; includeInIndex = 0; path = KelasABCTests.xctest; sourceTree = BUILT_PRODUCTS_DIR; };
		F32A71C71AA609DB00EA358F /* Info.plist */ = {isa = PBXFileReference; lastKnownFileType = text.plist.xml; path = Info.plist; sourceTree = "<group>"; };
		F32A71C81AA609DB00EA358F /* KelasABCTests.swift */ = {isa = PBXFileReference; lastKnownFileType = sourcecode.swift; path = KelasABCTests.swift; sourceTree = "<group>"; };
		F32A71D21AA60A4800EA358F /* kelasabc.swift */ = {isa = PBXFileReference; fileEncoding = 4; lastKnownFileType = sourcecode.swift; path = kelasabc.swift; sourceTree = "<group>"; };
		F32A71D41AA60E2F00EA358F /* HighlightedBlueButton.png */ = {isa = PBXFileReference; lastKnownFileType = image.png; path = HighlightedBlueButton.png; sourceTree = "<group>"; };
		F32A71D51AA60E2F00EA358F /* HighlightedBlueButton@2x.png */ = {isa = PBXFileReference; lastKnownFileType = image.png; path = "HighlightedBlueButton@2x.png"; sourceTree = "<group>"; };
		F32A71D61AA60E2F00EA358F /* NormalBlueButton.png */ = {isa = PBXFileReference; lastKnownFileType = image.png; path = NormalBlueButton.png; sourceTree = "<group>"; };
		F32A71D71AA60E2F00EA358F /* NormalBlueButton@2x.png */ = {isa = PBXFileReference; lastKnownFileType = image.png; path = "NormalBlueButton@2x.png"; sourceTree = "<group>"; };
		F32A71DC1AA6319C00EA358F /* Counter.swift */ = {isa = PBXFileReference; fileEncoding = 4; lastKnownFileType = sourcecode.swift; path = Counter.swift; sourceTree = "<group>"; };
/* End PBXFileReference section */

/* Begin PBXFrameworksBuildPhase section */
		F32A71AA1AA609DA00EA358F /* Frameworks */ = {
			isa = PBXFrameworksBuildPhase;
			buildActionMask = 2147483647;
			files = (
			);
			runOnlyForDeploymentPostprocessing = 0;
		};
		F32A71BF1AA609DB00EA358F /* Frameworks */ = {
			isa = PBXFrameworksBuildPhase;
			buildActionMask = 2147483647;
			files = (
			);
			runOnlyForDeploymentPostprocessing = 0;
		};
/* End PBXFrameworksBuildPhase section */

/* Begin PBXGroup section */
		F32A71A41AA609DA00EA358F = {
			isa = PBXGroup;
			children = (
				F32A71AF1AA609DA00EA358F /* KelasABC */,
				F32A71C51AA609DB00EA358F /* KelasABCTests */,
				F32A71AE1AA609DA00EA358F /* Products */,
			);
			sourceTree = "<group>";
		};
		F32A71AE1AA609DA00EA358F /* Products */ = {
			isa = PBXGroup;
			children = (
				F32A71AD1AA609DA00EA358F /* KelasABC.app */,
				F32A71C21AA609DB00EA358F /* KelasABCTests.xctest */,
			);
			name = Products;
			sourceTree = "<group>";
		};
		F32A71AF1AA609DA00EA358F /* KelasABC */ = {
			isa = PBXGroup;
			children = (
				F32A71D41AA60E2F00EA358F /* HighlightedBlueButton.png */,
				F32A71D51AA60E2F00EA358F /* HighlightedBlueButton@2x.png */,
				F32A71D61AA60E2F00EA358F /* NormalBlueButton.png */,
				F32A71D71AA60E2F00EA358F /* NormalBlueButton@2x.png */,
				F32A71B21AA609DA00EA358F /* AppDelegate.swift */,
				F32A71B41AA609DA00EA358F /* ViewController.swift */,
				F32A71B61AA609DA00EA358F /* Main.storyboard */,
				F32A71B91AA609DB00EA358F /* Images.xcassets */,
				F32A71BB1AA609DB00EA358F /* LaunchScreen.xib */,
				F32A71B01AA609DA00EA358F /* Supporting Files */,
				F32A71D21AA60A4800EA358F /* kelasabc.swift */,
				F32A71DC1AA6319C00EA358F /* Counter.swift */,
			);
			path = KelasABC;
			sourceTree = "<group>";
		};
		F32A71B01AA609DA00EA358F /* Supporting Files */ = {
			isa = PBXGroup;
			children = (
				F32A71B11AA609DA00EA358F /* Info.plist */,
			);
			name = "Supporting Files";
			sourceTree = "<group>";
		};
		F32A71C51AA609DB00EA358F /* KelasABCTests */ = {
			isa = PBXGroup;
			children = (
				F32A71C81AA609DB00EA358F /* KelasABCTests.swift */,
				F32A71C61AA609DB00EA358F /* Supporting Files */,
			);
			path = KelasABCTests;
			sourceTree = "<group>";
		};
		F32A71C61AA609DB00EA358F /* Supporting Files */ = {
			isa = PBXGroup;
			children = (
				F32A71C71AA609DB00EA358F /* Info.plist */,
			);
			name = "Supporting Files";
			sourceTree = "<group>";
		};
/* End PBXGroup section */

/* Begin PBXNativeTarget section */
		F32A71AC1AA609DA00EA358F /* KelasABC */ = {
			isa = PBXNativeTarget;
			buildConfigurationList = F32A71CC1AA609DB00EA358F /* Build configuration list for PBXNativeTarget "KelasABC" */;
			buildPhases = (
				F32A71A91AA609DA00EA358F /* Sources */,
				F32A71AA1AA609DA00EA358F /* Frameworks */,
				F32A71AB1AA609DA00EA358F /* Resources */,
			);
			buildRules = (
			);
			dependencies = (
			);
			name = KelasABC;
			productName = KelasABC;
			productReference = F32A71AD1AA609DA00EA358F /* KelasABC.app */;
			productType = "com.apple.product-type.application";
		};
		F32A71C11AA609DB00EA358F /* KelasABCTests */ = {
			isa = PBXNativeTarget;
			buildConfigurationList = F32A71CF1AA609DB00EA358F /* Build configuration list for PBXNativeTarget "KelasABCTests" */;
			buildPhases = (
				F32A71BE1AA609DB00EA358F /* Sources */,
				F32A71BF1AA609DB00EA358F /* Frameworks */,
				F32A71C01AA609DB00EA358F /* Resources */,
			);
			buildRules = (
			);
			dependencies = (
				F32A71C41AA609DB00EA358F /* PBXTargetDependency */,
			);
			name = KelasABCTests;
			productName = KelasABCTests;
			productReference = F32A71C21AA609DB00EA358F /* KelasABCTests.xctest */;
			productType = "com.apple.product-type.bundle.unit-test";
		};
/* End PBXNativeTarget section */

/* Begin PBXProject section */
		F32A71A51AA609DA00EA358F /* Project object */ = {
			isa = PBXProject;
			attributes = {
				LastUpgradeCheck = 0630;
				ORGANIZATIONNAME = Imam;
				TargetAttributes = {
					F32A71AC1AA609DA00EA358F = {
						CreatedOnToolsVersion = 6.3;
						DevelopmentTeam = 47JAT4ZEUX;
					};
					F32A71C11AA609DB00EA358F = {
						CreatedOnToolsVersion = 6.3;
						TestTargetID = F32A71AC1AA609DA00EA358F;
					};
				};
			};
			buildConfigurationList = F32A71A81AA609DA00EA358F /* Build configuration list for PBXProject "KelasABC" */;
			compatibilityVersion = "Xcode 3.2";
			developmentRegion = English;
			hasScannedForEncodings = 0;
			knownRegions = (
				en,
				Base,
			);
			mainGroup = F32A71A41AA609DA00EA358F;
			productRefGroup = F32A71AE1AA609DA00EA358F /* Products */;
			projectDirPath = "";
			projectRoot = "";
			targets = (
				F32A71AC1AA609DA00EA358F /* KelasABC */,
				F32A71C11AA609DB00EA358F /* KelasABCTests */,
			);
		};
/* End PBXProject section */

/* Begin PBXResourcesBuildPhase section */
		F32A71AB1AA609DA00EA358F /* Resources */ = {
			isa = PBXResourcesBuildPhase;
			buildActionMask = 2147483647;
			files = (
				F32A71DA1AA60E2F00EA358F /* NormalBlueButton.png in Resources */,
				F32A71B81AA609DA00EA358F /* Main.storyboard in Resources */,
				F32A71D81AA60E2F00EA358F /* HighlightedBlueButton.png in Resources */,
				F32A71BD1AA609DB00EA358F /* LaunchScreen.xib in Resources */,
				F32A71DB1AA60E2F00EA358F /* NormalBlueButton@2x.png in Resources */,
				F32A71BA1AA609DB00EA358F /* Images.xcassets in Resources */,
				F32A71D91AA60E2F00EA358F /* HighlightedBlueButton@2x.png in Resources */,
			);
			runOnlyForDeploymentPostprocessing = 0;
		};
		F32A71C01AA609DB00EA358F /* Resources */ = {
			isa = PBXResourcesBuildPhase;
			buildActionMask = 2147483647;
			files = (
			);
			runOnlyForDeploymentPostprocessing = 0;
		};
/* End PBXResourcesBuildPhase section */

/* Begin PBXSourcesBuildPhase section */
		F32A71A91AA609DA00EA358F /* Sources */ = {
			isa = PBXSourcesBuildPhase;
			buildActionMask = 2147483647;
			files = (
				F32A71DD1AA6319D00EA358F /* Counter.swift in Sources */,
				F32A71B51AA609DA00EA358F /* ViewController.swift in Sources */,
				F32A71D31AA60A4800EA358F /* kelasabc.swift in Sources */,
				F32A71B31AA609DA00EA358F /* AppDelegate.swift in Sources */,
			);
			runOnlyForDeploymentPostprocessing = 0;
		};
		F32A71BE1AA609DB00EA358F /* Sources */ = {
			isa = PBXSourcesBuildPhase;
			buildActionMask = 2147483647;
			files = (
				F32A71C91AA609DB00EA358F /* KelasABCTests.swift in Sources */,
			);
			runOnlyForDeploymentPostprocessing = 0;
		};
/* End PBXSourcesBuildPhase section */

/* Begin PBXTargetDependency section */
		F32A71C41AA609DB00EA358F /* PBXTargetDependency */ = {
			isa = PBXTargetDependency;
			target = F32A71AC1AA609DA00EA358F /* KelasABC */;
			targetProxy = F32A71C31AA609DB00EA358F /* PBXContainerItemProxy */;
		};
/* End PBXTargetDependency section */

/* Begin PBXVariantGroup section */
		F32A71B61AA609DA00EA358F /* Main.storyboard */ = {
			isa = PBXVariantGroup;
			children = (
				F32A71B71AA609DA00EA358F /* Base */,
			);
			name = Main.storyboard;
			sourceTree = "<group>";
		};
		F32A71BB1AA609DB00EA358F /* LaunchScreen.xib */ = {
			isa = PBXVariantGroup;
			children = (
				F32A71BC1AA609DB00EA358F /* Base */,
			);
			name = LaunchScreen.xib;
			sourceTree = "<group>";
		};
/* End PBXVariantGroup section */

/* Begin XCBuildConfiguration section */
		F32A71CA1AA609DB00EA358F /* Debug */ = {
			isa = XCBuildConfiguration;
			buildSettings = {
				ALWAYS_SEARCH_USER_PATHS = NO;
				CLANG_CXX_LANGUAGE_STANDARD = "gnu++0x";
				CLANG_CXX_LIBRARY = "libc++";
				CLANG_ENABLE_MODULES = YES;
				CLANG_ENABLE_OBJC_ARC = YES;
				CLANG_WARN_BOOL_CONVERSION = YES;
				CLANG_WARN_CONSTANT_CONVERSION = YES;
				CLANG_WARN_DIRECT_OBJC_ISA_USAGE = YES_ERROR;
				CLANG_WARN_EMPTY_BODY = YES;
				CLANG_WARN_ENUM_CONVERSION = YES;
				CLANG_WARN_INT_CONVERSION = YES;
				CLANG_WARN_OBJC_ROOT_CLASS = YES_ERROR;
				CLANG_WARN_UNREACHABLE_CODE = YES;
				CLANG_WARN__DUPLICATE_METHOD_MATCH = YES;
				"CODE_SIGN_IDENTITY[sdk=iphoneos*]" = "iPhone Developer";
				COPY_PHASE_STRIP = NO;
				DEBUG_INFORMATION_FORMAT = dwarf;
				ENABLE_STRICT_OBJC_MSGSEND = YES;
				GCC_C_LANGUAGE_STANDARD = gnu99;
				GCC_DYNAMIC_NO_PIC = NO;
				GCC_OPTIMIZATION_LEVEL = 0;
				GCC_PREPROCESSOR_DEFINITIONS = (
					"DEBUG=1",
					"$(inherited)",
				);
				GCC_SYMBOLS_PRIVATE_EXTERN = NO;
				GCC_WARN_64_TO_32_BIT_CONVERSION = YES;
				GCC_WARN_ABOUT_RETURN_TYPE = YES_ERROR;
				GCC_WARN_UNDECLARED_SELECTOR = YES;
				GCC_WARN_UNINITIALIZED_AUTOS = YES_AGGRESSIVE;
				GCC_WARN_UNUSED_FUNCTION = YES;
				GCC_WARN_UNUSED_VARIABLE = YES;
				IPHONEOS_DEPLOYMENT_TARGET = 8.3;
				MTL_ENABLE_DEBUG_INFO = YES;
				ONLY_ACTIVE_ARCH = YES;
				SDKROOT = iphoneos;
				SWIFT_OPTIMIZATION_LEVEL = "-Onone";
				TARGETED_DEVICE_FAMILY = "1,2";
			};
			name = Debug;
		};
		F32A71CB1AA609DB00EA358F /* Release */ = {
			isa = XCBuildConfiguration;
			buildSettings = {
				ALWAYS_SEARCH_USER_PATHS = NO;
				CLANG_CXX_LANGUAGE_STANDARD = "gnu++0x";
				CLANG_CXX_LIBRARY = "libc++";
				CLANG_ENABLE_MODULES = YES;
				CLANG_ENABLE_OBJC_ARC = YES;
				CLANG_WARN_BOOL_CONVERSION = YES;
				CLANG_WARN_CONSTANT_CONVERSION = YES;
				CLANG_WARN_DIRECT_OBJC_ISA_USAGE = YES_ERROR;
				CLANG_WARN_EMPTY_BODY = YES;
				CLANG_WARN_ENUM_CONVERSION = YES;
				CLANG_WARN_INT_CONVERSION = YES;
				CLANG_WARN_OBJC_ROOT_CLASS = YES_ERROR;
				CLANG_WARN_UNREACHABLE_CODE = YES;
				CLANG_WARN__DUPLICATE_METHOD_MATCH = YES;
				"CODE_SIGN_IDENTITY[sdk=iphoneos*]" = "iPhone Developer";
				COPY_PHASE_STRIP = NO;
				DEBUG_INFORMATION_FORMAT = "dwarf-with-dsym";
				ENABLE_NS_ASSERTIONS = NO;
				ENABLE_STRICT_OBJC_MSGSEND = YES;
				GCC_C_LANGUAGE_STANDARD = gnu99;
				GCC_WARN_64_TO_32_BIT_CONVERSION = YES;
				GCC_WARN_ABOUT_RETURN_TYPE = YES_ERROR;
				GCC_WARN_UNDECLARED_SELECTOR = YES;
				GCC_WARN_UNINITIALIZED_AUTOS = YES_AGGRESSIVE;
				GCC_WARN_UNUSED_FUNCTION = YES;
				GCC_WARN_UNUSED_VARIABLE = YES;
				IPHONEOS_DEPLOYMENT_TARGET = 8.3;
				MTL_ENABLE_DEBUG_INFO = NO;
				SDKROOT = iphoneos;
				TARGETED_DEVICE_FAMILY = "1,2";
				VALIDATE_PRODUCT = YES;
			};
			name = Release;
		};
		F32A71CD1AA609DB00EA358F /* Debug */ = {
			isa = XCBuildConfiguration;
			buildSettings = {
				ASSETCATALOG_COMPILER_APPICON_NAME = AppIcon;
				CODE_SIGN_IDENTITY = "iPhone Developer";
				"CODE_SIGN_IDENTITY[sdk=iphoneos*]" = "iPhone Developer";
				INFOPLIST_FILE = KelasABC/Info.plist;
				LD_RUNPATH_SEARCH_PATHS = "$(inherited) @executable_path/Frameworks";
				ONLY_ACTIVE_ARCH = YES;
				PRODUCT_NAME = "$(TARGET_NAME)";
				PROVISIONING_PROFILE = "";
				SDKROOT = iphoneos8.3;
			};
			name = Debug;
		};
		F32A71CE1AA609DB00EA358F /* Release */ = {
			isa = XCBuildConfiguration;
			buildSettings = {
				ASSETCATALOG_COMPILER_APPICON_NAME = AppIcon;
				CODE_SIGN_IDENTITY = "iPhone Developer";
				"CODE_SIGN_IDENTITY[sdk=iphoneos*]" = "iPhone Developer";
				INFOPLIST_FILE = KelasABC/Info.plist;
				LD_RUNPATH_SEARCH_PATHS = "$(inherited) @executable_path/Frameworks";
				ONLY_ACTIVE_ARCH = YES;
				PRODUCT_NAME = "$(TARGET_NAME)";
				PROVISIONING_PROFILE = "";
				SDKROOT = iphoneos8.3;
			};
			name = Release;
		};
		F32A71D01AA609DB00EA358F /* Debug */ = {
			isa = XCBuildConfiguration;
			buildSettings = {
				BUNDLE_LOADER = "$(TEST_HOST)";
				FRAMEWORK_SEARCH_PATHS = (
					"$(SDKROOT)/Developer/Library/Frameworks",
					"$(inherited)",
				);
				GCC_PREPROCESSOR_DEFINITIONS = (
					"DEBUG=1",
					"$(inherited)",
				);
				INFOPLIST_FILE = KelasABCTests/Info.plist;
				LD_RUNPATH_SEARCH_PATHS = "$(inherited) @executable_path/Frameworks @loader_path/Frameworks";
				PRODUCT_NAME = "$(TARGET_NAME)";
				TEST_HOST = "$(BUILT_PRODUCTS_DIR)/KelasABC.app/KelasABC";
			};
			name = Debug;
		};
		F32A71D11AA609DB00EA358F /* Release */ = {
			isa = XCBuildConfiguration;
			buildSettings = {
				BUNDLE_LOADER = "$(TEST_HOST)";
				FRAMEWORK_SEARCH_PATHS = (
					"$(SDKROOT)/Developer/Library/Frameworks",
					"$(inherited)",
				);
				INFOPLIST_FILE = KelasABCTests/Info.plist;
				LD_RUNPATH_SEARCH_PATHS = "$(inherited) @executable_path/Frameworks @loader_path/Frameworks";
				PRODUCT_NAME = "$(TARGET_NAME)";
				TEST_HOST = "$(BUILT_PRODUCTS_DIR)/KelasABC.app/KelasABC";
			};
			name = Release;
		};
/* End XCBuildConfiguration section */

/* Begin XCConfigurationList section */
		F32A71A81AA609DA00EA358F /* Build configuration list for PBXProject "KelasABC" */ = {
			isa = XCConfigurationList;
			buildConfigurations = (
				F32A71CA1AA609DB00EA358F /* Debug */,
				F32A71CB1AA609DB00EA358F /* Release */,
			);
			defaultConfigurationIsVisible = 0;
			defaultConfigurationName = Release;
		};
		F32A71CC1AA609DB00EA358F /* Build configuration list for PBXNativeTarget "KelasABC" */ = {
			isa = XCConfigurationList;
			buildConfigurations = (
				F32A71CD1AA609DB00EA358F /* Debug */,
				F32A71CE1AA609DB00EA358F /* Release */,
			);
			defaultConfigurationIsVisible = 0;
			defaultConfigurationName = Release;
		};
		F32A71CF1AA609DB00EA358F /* Build configuration list for PBXNativeTarget "KelasABCTests" */ = {
			isa = XCConfigurationList;
			buildConfigurations = (
				F32A71D01AA609DB00EA358F /* Debug */,
				F32A71D11AA609DB00EA358F /* Release */,
			);
			defaultConfigurationIsVisible = 0;
			defaultConfigurationName = Release;
		};
/* End XCConfigurationList section */
	};
	rootObject = F32A71A51AA609DA00EA358F /* Project object */;
}
